
Microsoft Visual Studio Solution File, Format Version 12.00
# Visual Studio Version 17
VisualStudioVersion = 17.6.33723.286
MinimumVisualStudioVersion = 10.0.40219.1
Project("{FAE04EC0-301F-11D3-BF4B-00C04F79EFBC}") = "WinFormsApp1", "WinFormsApp1.csproj", "{15D021B4-3007-4A34-99E6-57A243B10938}"
EndProject
Global
	GlobalSection(SolutionConfigurationPlatforms) = preSolution
		Debug|Any CPU = Debug|Any CPU
		Release|Any CPU = Release|Any CPU
	EndGlobalSection
	GlobalSection(ProjectConfigurationPlatforms) = postSolution
		{15D021B4-3007-4A34-99E6-57A243B10938}.Debug|Any CPU.ActiveCfg = Debug|Any CPU
		{15D021B4-3007-4A34-99E6-57A243B10938}.Debug|Any CPU.Build.0 = Debug|Any CPU
		{15D021B4-3007-4A34-99E6-57A243B10938}.Release|Any CPU.ActiveCfg = Release|Any CPU
		{15D021B4-3007-4A34-99E6-57A243B10938}.Release|Any CPU.Build.0 = Release|Any CPU
	EndGlobalSection
	GlobalSection(SolutionProperties) = preSolution
		HideSolutionNode = FALSE
	EndGlobalSection
	GlobalSection(ExtensibilityGlobals) = postSolution
		SolutionGuid = {5B196F01-1051-408B-A0F1-F2669E829A0B}
	EndGlobalSection
EndGlobal
